
Microsoft Visual Studio Solution File, Format Version 12.00
# Visual Studio Version 17
VisualStudioVersion = 17.14.36203.30 d17.14
MinimumVisualStudioVersion = 10.0.40219.1
Project("{FAE04EC0-301F-11D3-BF4B-00C04F79EFBC}") = "RoadReady.API", "RoadReady.API.csproj", "{48D7DA5E-B94B-494B-9173-4F3835F07A02}"
EndProject
Global
	GlobalSection(SolutionConfigurationPlatforms) = preSolution
		Debug|Any CPU = Debug|Any CPU
		Release|Any CPU = Release|Any CPU
	EndGlobalSection
	GlobalSection(ProjectConfigurationPlatforms) = postSolution
		{48D7DA5E-B94B-494B-9173-4F3835F07A02}.Debug|Any CPU.ActiveCfg = Debug|Any CPU
		{48D7DA5E-B94B-494B-9173-4F3835F07A02}.Debug|Any CPU.Build.0 = Debug|Any CPU
		{48D7DA5E-B94B-494B-9173-4F3835F07A02}.Release|Any CPU.ActiveCfg = Release|Any CPU
		{48D7DA5E-B94B-494B-9173-4F3835F07A02}.Release|Any CPU.Build.0 = Release|Any CPU
	EndGlobalSection
	GlobalSection(SolutionProperties) = preSolution
		HideSolutionNode = FALSE
	EndGlobalSection
	GlobalSection(ExtensibilityGlobals) = postSolution
		SolutionGuid = {7832A49C-5F62-4000-84B3-34307E7BD36C}
	EndGlobalSection
EndGlobal
